# This file is automatically @generated by Poetry 1.7.1 and should not be changed by hand.

[[package]]
name = "black"
version = "23.9.1"
description = "The uncompromising code formatter."
optional = false
python-versions = ">=3.8"
files = [
    {file = "black-23.9.1-cp310-cp310-macosx_10_16_arm64.whl", hash = "sha256:d6bc09188020c9ac2555a498949401ab35bb6bf76d4e0f8ee251694664df6301"},
    {file = "black-23.9.1-cp310-cp310-macosx_10_16_universal2.whl", hash = "sha256:13ef033794029b85dfea8032c9d3b92b42b526f1ff4bf13b2182ce4e917f5100"},
    {file = "black-23.9.1-cp310-cp310-macosx_10_16_x86_64.whl", hash = "sha256:75a2dc41b183d4872d3a500d2b9c9016e67ed95738a3624f4751a0cb4818fe71"},
    {file = "black-23.9.1-cp310-cp310-manylinux_2_17_x86_64.manylinux2014_x86_64.whl", hash = "sha256:13a2e4a93bb8ca74a749b6974925c27219bb3df4d42fc45e948a5d9feb5122b7"},
    {file = "black-23.9.1-cp310-cp310-win_amd64.whl", hash = "sha256:adc3e4442eef57f99b5590b245a328aad19c99552e0bdc7f0b04db6656debd80"},
    {file = "black-23.9.1-cp311-cp311-macosx_10_16_arm64.whl", hash = "sha256:8431445bf62d2a914b541da7ab3e2b4f3bc052d2ccbf157ebad18ea126efb91f"},
    {file = "black-23.9.1-cp311-cp311-macosx_10_16_universal2.whl", hash = "sha256:8fc1ddcf83f996247505db6b715294eba56ea9372e107fd54963c7553f2b6dfe"},
    {file = "black-23.9.1-cp311-cp311-macosx_10_16_x86_64.whl", hash = "sha256:7d30ec46de88091e4316b17ae58bbbfc12b2de05e069030f6b747dfc649ad186"},
    {file = "black-23.9.1-cp311-cp311-manylinux_2_17_x86_64.manylinux2014_x86_64.whl", hash = "sha256:031e8c69f3d3b09e1aa471a926a1eeb0b9071f80b17689a655f7885ac9325a6f"},
    {file = "black-23.9.1-cp311-cp311-win_amd64.whl", hash = "sha256:538efb451cd50f43aba394e9ec7ad55a37598faae3348d723b59ea8e91616300"},
    {file = "black-23.9.1-cp38-cp38-macosx_10_16_arm64.whl", hash = "sha256:638619a559280de0c2aa4d76f504891c9860bb8fa214267358f0a20f27c12948"},
    {file = "black-23.9.1-cp38-cp38-macosx_10_16_universal2.whl", hash = "sha256:a732b82747235e0542c03bf352c126052c0fbc458d8a239a94701175b17d4855"},
    {file = "black-23.9.1-cp38-cp38-macosx_10_16_x86_64.whl", hash = "sha256:cf3a4d00e4cdb6734b64bf23cd4341421e8953615cba6b3670453737a72ec204"},
    {file = "black-23.9.1-cp38-cp38-manylinux_2_17_x86_64.manylinux2014_x86_64.whl", hash = "sha256:cf99f3de8b3273a8317681d8194ea222f10e0133a24a7548c73ce44ea1679377"},
    {file = "black-23.9.1-cp38-cp38-win_amd64.whl", hash = "sha256:14f04c990259576acd093871e7e9b14918eb28f1866f91968ff5524293f9c573"},
    {file = "black-23.9.1-cp39-cp39-macosx_10_16_arm64.whl", hash = "sha256:c619f063c2d68f19b2d7270f4cf3192cb81c9ec5bc5ba02df91471d0b88c4c5c"},
    {file = "black-23.9.1-cp39-cp39-macosx_10_16_universal2.whl", hash = "sha256:6a3b50e4b93f43b34a9d3ef00d9b6728b4a722c997c99ab09102fd5efdb88325"},
    {file = "black-23.9.1-cp39-cp39-macosx_10_16_x86_64.whl", hash = "sha256:c46767e8df1b7beefb0899c4a95fb43058fa8500b6db144f4ff3ca38eb2f6393"},
    {file = "black-23.9.1-cp39-cp39-manylinux_2_17_x86_64.manylinux2014_x86_64.whl", hash = "sha256:50254ebfa56aa46a9fdd5d651f9637485068a1adf42270148cd101cdf56e0ad9"},
    {file = "black-23.9.1-cp39-cp39-win_amd64.whl", hash = "sha256:403397c033adbc45c2bd41747da1f7fc7eaa44efbee256b53842470d4ac5a70f"},
    {file = "black-23.9.1-py3-none-any.whl", hash = "sha256:6ccd59584cc834b6d127628713e4b6b968e5f79572da66284532525a042549f9"},
    {file = "black-23.9.1.tar.gz", hash = "sha256:24b6b3ff5c6d9ea08a8888f6977eae858e1f340d7260cf56d70a49823236b62d"},
]

[package.dependencies]
click = ">=8.0.0"
mypy-extensions = ">=0.4.3"
packaging = ">=22.0"
pathspec = ">=0.9.0"
platformdirs = ">=2"

[package.extras]
colorama = ["colorama (>=0.4.3)"]
d = ["aiohttp (>=3.7.4)"]
jupyter = ["ipython (>=7.8.0)", "tokenize-rt (>=3.2.0)"]
uvloop = ["uvloop (>=0.15.2)"]

[[package]]
name = "bonsai"
version = "1.5.1"
description = "Python 3 module for accessing LDAP directory servers."
optional = false
python-versions = "*"
files = [
    {file = "bonsai-1.5.1-cp310-cp310-macosx_10_15_x86_64.whl", hash = "sha256:1fa0d5e8ca5ea5ca6af88d515037e9de32430ca65cdd3d9ffd3caabd5d42da71"},
    {file = "bonsai-1.5.1-cp310-cp310-win32.whl", hash = "sha256:7919257957ec72d16d3375676bbc20232f15a1c12d909623a971a69a5ea553ba"},
    {file = "bonsai-1.5.1-cp310-cp310-win_amd64.whl", hash = "sha256:62d509e047adcdb06736896fd3f24cb3f334785664e60a0d66dc428ea415a3a1"},
    {file = "bonsai-1.5.1-cp311-cp311-macosx_10_9_universal2.whl", hash = "sha256:e960cadc3ef96622a7df8297948e9fd7284708805747f10f52ef11e52f06b63d"},
    {file = "bonsai-1.5.1-cp311-cp311-win32.whl", hash = "sha256:81c85f2208d7ffe80855c8096dd17b99f52e61f0fb4e3e72357bf4e5af092929"},
    {file = "bonsai-1.5.1-cp311-cp311-win_amd64.whl", hash = "sha256:5ff980752304d59e77b7b86275c9a28dd39b597780f720bfb32c57d0134f9217"},
    {file = "bonsai-1.5.1-cp37-cp37m-macosx_10_15_x86_64.whl", hash = "sha256:72d435264229cb9adf74c8a0b88dbdd84805904617387582b6741adf95555fef"},
    {file = "bonsai-1.5.1-cp38-cp38-macosx_10_15_x86_64.whl", hash = "sha256:97e489da7e2958e69d3e617e25f92a688d9bebc2308ea06a053f66d4893bc7a9"},
    {file = "bonsai-1.5.1-cp38-cp38-win32.whl", hash = "sha256:03f264278f2d02346bf3603a836e918c193e63831d306569304aed3f854fce7d"},
    {file = "bonsai-1.5.1-cp38-cp38-win_amd64.whl", hash = "sha256:a2b0aaa51293167ab2d82acee904feeeb25f0668087c7101906169538dfaa494"},
    {file = "bonsai-1.5.1-cp39-cp39-macosx_10_15_x86_64.whl", hash = "sha256:8b1ed74406d7b839307067a1006699bdbd1e23fed3f6440f71e8bc4b52c3e64a"},
    {file = "bonsai-1.5.1-cp39-cp39-win32.whl", hash = "sha256:8a8f3615bc5b6546b28731514c3276c3e2c725f6a42276d0005bf26f73d188fc"},
    {file = "bonsai-1.5.1-cp39-cp39-win_amd64.whl", hash = "sha256:e599f5dc11e38a143edb451e28fdd448d18b5ecae4a74addf583d602a8f9057a"},
    {file = "bonsai-1.5.1.tar.gz", hash = "sha256:101b0d166349bdcbf764a8139fd06b85b5524b4425e3f2bd6c2381f90369f735"},
]

[package.extras]
gevent = ["gevent (>=1.4.0)"]
tornado = ["tornado (>=5.1.1)"]
trio = ["trio (>=0.16.0)"]

[[package]]
name = "click"
version = "8.1.7"
description = "Composable command line interface toolkit"
optional = false
python-versions = ">=3.7"
files = [
    {file = "click-8.1.7-py3-none-any.whl", hash = "sha256:ae74fb96c20a0277a1d615f1e4d73c8414f5a98db8b799a7931d1582f3390c28"},
    {file = "click-8.1.7.tar.gz", hash = "sha256:ca9853ad459e787e2192211578cc907e7594e294c7ccc834310722b41b9ca6de"},
]

[package.dependencies]
colorama = {version = "*", markers = "platform_system == \"Windows\""}

[[package]]
name = "colorama"
version = "0.4.6"
description = "Cross-platform colored terminal text."
optional = false
python-versions = "!=3.0.*,!=3.1.*,!=3.2.*,!=3.3.*,!=3.4.*,!=3.5.*,!=3.6.*,>=2.7"
files = [
    {file = "colorama-0.4.6-py2.py3-none-any.whl", hash = "sha256:4f1d9991f5acc0ca119f9d443620b77f9d6b33703e51011c16baf57afb285fc6"},
    {file = "colorama-0.4.6.tar.gz", hash = "sha256:08695f5cb7ed6e0531a20572697297273c47b8cae5a63ffc6d6ed5c201be6e44"},
]

[[package]]
name = "iniconfig"
version = "2.0.0"
description = "brain-dead simple config-ini parsing"
optional = false
python-versions = ">=3.7"
files = [
    {file = "iniconfig-2.0.0-py3-none-any.whl", hash = "sha256:b6a85871a79d2e3b22d2d1b94ac2824226a63c6b741c88f7ae975f18b6778374"},
    {file = "iniconfig-2.0.0.tar.gz", hash = "sha256:2d91e135bf72d31a410b17c16da610a82cb55f6b0477d1a902134b24a455b8b3"},
]

[[package]]
name = "mypy"
version = "1.6.0"
description = "Optional static typing for Python"
optional = false
python-versions = ">=3.8"
files = [
    {file = "mypy-1.6.0-cp310-cp310-macosx_10_9_x86_64.whl", hash = "sha256:091f53ff88cb093dcc33c29eee522c087a438df65eb92acd371161c1f4380ff0"},
    {file = "mypy-1.6.0-cp310-cp310-macosx_11_0_arm64.whl", hash = "sha256:eb7ff4007865833c470a601498ba30462b7374342580e2346bf7884557e40531"},
    {file = "mypy-1.6.0-cp310-cp310-manylinux_2_17_x86_64.manylinux2014_x86_64.whl", hash = "sha256:49499cf1e464f533fc45be54d20a6351a312f96ae7892d8e9f1708140e27ce41"},
    {file = "mypy-1.6.0-cp310-cp310-musllinux_1_1_x86_64.whl", hash = "sha256:4c192445899c69f07874dabda7e931b0cc811ea055bf82c1ababf358b9b2a72c"},
    {file = "mypy-1.6.0-cp310-cp310-win_amd64.whl", hash = "sha256:3df87094028e52766b0a59a3e46481bb98b27986ed6ded6a6cc35ecc75bb9182"},
    {file = "mypy-1.6.0-cp311-cp311-macosx_10_9_x86_64.whl", hash = "sha256:3c8835a07b8442da900db47ccfda76c92c69c3a575872a5b764332c4bacb5a0a"},
    {file = "mypy-1.6.0-cp311-cp311-macosx_11_0_arm64.whl", hash = "sha256:24f3de8b9e7021cd794ad9dfbf2e9fe3f069ff5e28cb57af6f873ffec1cb0425"},
    {file = "mypy-1.6.0-cp311-cp311-manylinux_2_17_x86_64.manylinux2014_x86_64.whl", hash = "sha256:856bad61ebc7d21dbc019b719e98303dc6256cec6dcc9ebb0b214b81d6901bd8"},
    {file = "mypy-1.6.0-cp311-cp311-musllinux_1_1_x86_64.whl", hash = "sha256:89513ddfda06b5c8ebd64f026d20a61ef264e89125dc82633f3c34eeb50e7d60"},
    {file = "mypy-1.6.0-cp311-cp311-win_amd64.whl", hash = "sha256:9f8464ed410ada641c29f5de3e6716cbdd4f460b31cf755b2af52f2d5ea79ead"},
    {file = "mypy-1.6.0-cp312-cp312-macosx_10_9_x86_64.whl", hash = "sha256:971104bcb180e4fed0d7bd85504c9036346ab44b7416c75dd93b5c8c6bb7e28f"},
    {file = "mypy-1.6.0-cp312-cp312-macosx_11_0_arm64.whl", hash = "sha256:ab98b8f6fdf669711f3abe83a745f67f50e3cbaea3998b90e8608d2b459fd566"},
    {file = "mypy-1.6.0-cp312-cp312-manylinux_2_17_x86_64.manylinux2014_x86_64.whl", hash = "sha256:1a69db3018b87b3e6e9dd28970f983ea6c933800c9edf8c503c3135b3274d5ad"},
    {file = "mypy-1.6.0-cp312-cp312-musllinux_1_1_x86_64.whl", hash = "sha256:dccd850a2e3863891871c9e16c54c742dba5470f5120ffed8152956e9e0a5e13"},
    {file = "mypy-1.6.0-cp312-cp312-win_amd64.whl", hash = "sha256:f8598307150b5722854f035d2e70a1ad9cc3c72d392c34fffd8c66d888c90f17"},
    {file = "mypy-1.6.0-cp38-cp38-macosx_10_9_x86_64.whl", hash = "sha256:fea451a3125bf0bfe716e5d7ad4b92033c471e4b5b3e154c67525539d14dc15a"},
    {file = "mypy-1.6.0-cp38-cp38-macosx_11_0_arm64.whl", hash = "sha256:e28d7b221898c401494f3b77db3bac78a03ad0a0fff29a950317d87885c655d2"},
    {file = "mypy-1.6.0-cp38-cp38-manylinux_2_17_x86_64.manylinux2014_x86_64.whl", hash = "sha256:e4b7a99275a61aa22256bab5839c35fe8a6887781862471df82afb4b445daae6"},
    {file = "mypy-1.6.0-cp38-cp38-musllinux_1_1_x86_64.whl", hash = "sha256:7469545380dddce5719e3656b80bdfbb217cfe8dbb1438532d6abc754b828fed"},
    {file = "mypy-1.6.0-cp38-cp38-win_amd64.whl", hash = "sha256:7807a2a61e636af9ca247ba8494031fb060a0a744b9fee7de3a54bed8a753323"},
    {file = "mypy-1.6.0-cp39-cp39-macosx_10_9_x86_64.whl", hash = "sha256:d2dad072e01764823d4b2f06bc7365bb1d4b6c2f38c4d42fade3c8d45b0b4b67"},
    {file = "mypy-1.6.0-cp39-cp39-macosx_11_0_arm64.whl", hash = "sha256:b19006055dde8a5425baa5f3b57a19fa79df621606540493e5e893500148c72f"},
    {file = "mypy-1.6.0-cp39-cp39-manylinux_2_17_x86_64.manylinux2014_x86_64.whl", hash = "sha256:31eba8a7a71f0071f55227a8057468b8d2eb5bf578c8502c7f01abaec8141b2f"},
    {file = "mypy-1.6.0-cp39-cp39-musllinux_1_1_x86_64.whl", hash = "sha256:8e0db37ac4ebb2fee7702767dfc1b773c7365731c22787cb99f507285014fcaf"},
    {file = "mypy-1.6.0-cp39-cp39-win_amd64.whl", hash = "sha256:c69051274762cccd13498b568ed2430f8d22baa4b179911ad0c1577d336ed849"},
    {file = "mypy-1.6.0-py3-none-any.whl", hash = "sha256:9e1589ca150a51d9d00bb839bfeca2f7a04f32cd62fad87a847bc0818e15d7dc"},
    {file = "mypy-1.6.0.tar.gz", hash = "sha256:4f3d27537abde1be6d5f2c96c29a454da333a2a271ae7d5bc7110e6d4b7beb3f"},
]

[package.dependencies]
mypy-extensions = ">=1.0.0"
typing-extensions = ">=4.1.0"

[package.extras]
dmypy = ["psutil (>=4.0)"]
install-types = ["pip"]
reports = ["lxml"]

[[package]]
name = "mypy-extensions"
version = "1.0.0"
description = "Type system extensions for programs checked with the mypy type checker."
optional = false
python-versions = ">=3.5"
files = [
    {file = "mypy_extensions-1.0.0-py3-none-any.whl", hash = "sha256:4392f6c0eb8a5668a69e23d168ffa70f0be9ccfd32b5cc2d26a34ae5b844552d"},
    {file = "mypy_extensions-1.0.0.tar.gz", hash = "sha256:75dbf8955dc00442a438fc4d0666508a9a97b6bd41aa2f0ffe9d2f2725af0782"},
]

[[package]]
name = "packaging"
version = "23.2"
description = "Core utilities for Python packages"
optional = false
python-versions = ">=3.7"
files = [
    {file = "packaging-23.2-py3-none-any.whl", hash = "sha256:8c491190033a9af7e1d931d0b5dacc2ef47509b34dd0de67ed209b5203fc88c7"},
    {file = "packaging-23.2.tar.gz", hash = "sha256:048fb0e9405036518eaaf48a55953c750c11e1a1b68e0dd1a9d62ed0c092cfc5"},
]

[[package]]
name = "pathspec"
version = "0.11.2"
description = "Utility library for gitignore style pattern matching of file paths."
optional = false
python-versions = ">=3.7"
files = [
    {file = "pathspec-0.11.2-py3-none-any.whl", hash = "sha256:1d6ed233af05e679efb96b1851550ea95bbb64b7c490b0f5aa52996c11e92a20"},
    {file = "pathspec-0.11.2.tar.gz", hash = "sha256:e0d8d0ac2f12da61956eb2306b69f9469b42f4deb0f3cb6ed47b9cce9996ced3"},
]

[[package]]
name = "platformdirs"
version = "3.11.0"
description = "A small Python package for determining appropriate platform-specific dirs, e.g. a \"user data dir\"."
optional = false
python-versions = ">=3.7"
files = [
    {file = "platformdirs-3.11.0-py3-none-any.whl", hash = "sha256:e9d171d00af68be50e9202731309c4e658fd8bc76f55c11c7dd760d023bda68e"},
    {file = "platformdirs-3.11.0.tar.gz", hash = "sha256:cf8ee52a3afdb965072dcc652433e0c7e3e40cf5ea1477cd4b3b1d2eb75495b3"},
]

[package.extras]
docs = ["furo (>=2023.7.26)", "proselint (>=0.13)", "sphinx (>=7.1.1)", "sphinx-autodoc-typehints (>=1.24)"]
test = ["appdirs (==1.4.4)", "covdefaults (>=2.3)", "pytest (>=7.4)", "pytest-cov (>=4.1)", "pytest-mock (>=3.11.1)"]

[[package]]
name = "pluggy"
version = "1.3.0"
description = "plugin and hook calling mechanisms for python"
optional = false
python-versions = ">=3.8"
files = [
    {file = "pluggy-1.3.0-py3-none-any.whl", hash = "sha256:d89c696a773f8bd377d18e5ecda92b7a3793cbe66c87060a6fb58c7b6e1061f7"},
    {file = "pluggy-1.3.0.tar.gz", hash = "sha256:cf61ae8f126ac6f7c451172cf30e3e43d3ca77615509771b3a984a0730651e12"},
]

[package.extras]
dev = ["pre-commit", "tox"]
testing = ["pytest", "pytest-benchmark"]

[[package]]
name = "pytest"
version = "7.4.2"
description = "pytest: simple powerful testing with Python"
optional = false
python-versions = ">=3.7"
files = [
    {file = "pytest-7.4.2-py3-none-any.whl", hash = "sha256:1d881c6124e08ff0a1bb75ba3ec0bfd8b5354a01c194ddd5a0a870a48d99b002"},
    {file = "pytest-7.4.2.tar.gz", hash = "sha256:a766259cfab564a2ad52cb1aae1b881a75c3eb7e34ca3779697c23ed47c47069"},
]

[package.dependencies]
colorama = {version = "*", markers = "sys_platform == \"win32\""}
iniconfig = "*"
packaging = "*"
pluggy = ">=0.12,<2.0"

[package.extras]
testing = ["argcomplete", "attrs (>=19.2.0)", "hypothesis (>=3.56)", "mock", "nose", "pygments (>=2.7.2)", "requests", "setuptools", "xmlschema"]

[[package]]
name = "pytest-asyncio"
version = "0.21.1"
description = "Pytest support for asyncio"
optional = false
python-versions = ">=3.7"
files = [
    {file = "pytest-asyncio-0.21.1.tar.gz", hash = "sha256:40a7eae6dded22c7b604986855ea48400ab15b069ae38116e8c01238e9eeb64d"},
    {file = "pytest_asyncio-0.21.1-py3-none-any.whl", hash = "sha256:8666c1c8ac02631d7c51ba282e0c69a8a452b211ffedf2599099845da5c5c37b"},
]

[package.dependencies]
pytest = ">=7.0.0"

[package.extras]
docs = ["sphinx (>=5.3)", "sphinx-rtd-theme (>=1.0)"]
testing = ["coverage (>=6.2)", "flaky (>=3.5.0)", "hypothesis (>=5.7.1)", "mypy (>=0.931)", "pytest-trio (>=0.7.0)"]

[[package]]
name = "ruff"
version = "0.1.6"
description = "An extremely fast Python linter and code formatter, written in Rust."
optional = false
python-versions = ">=3.7"
files = [
    {file = "ruff-0.1.6-py3-none-macosx_10_12_x86_64.macosx_11_0_arm64.macosx_10_12_universal2.whl", hash = "sha256:88b8cdf6abf98130991cbc9f6438f35f6e8d41a02622cc5ee130a02a0ed28703"},
    {file = "ruff-0.1.6-py3-none-macosx_10_12_x86_64.whl", hash = "sha256:5c549ed437680b6105a1299d2cd30e4964211606eeb48a0ff7a93ef70b902248"},
    {file = "ruff-0.1.6-py3-none-manylinux_2_17_aarch64.manylinux2014_aarch64.whl", hash = "sha256:1cf5f701062e294f2167e66d11b092bba7af6a057668ed618a9253e1e90cfd76"},
    {file = "ruff-0.1.6-py3-none-manylinux_2_17_armv7l.manylinux2014_armv7l.whl", hash = "sha256:05991ee20d4ac4bb78385360c684e4b417edd971030ab12a4fbd075ff535050e"},
    {file = "ruff-0.1.6-py3-none-manylinux_2_17_i686.manylinux2014_i686.whl", hash = "sha256:87455a0c1f739b3c069e2f4c43b66479a54dea0276dd5d4d67b091265f6fd1dc"},
    {file = "ruff-0.1.6-py3-none-manylinux_2_17_ppc64.manylinux2014_ppc64.whl", hash = "sha256:683aa5bdda5a48cb8266fcde8eea2a6af4e5700a392c56ea5fb5f0d4bfdc0240"},
    {file = "ruff-0.1.6-py3-none-manylinux_2_17_ppc64le.manylinux2014_ppc64le.whl", hash = "sha256:137852105586dcbf80c1717facb6781555c4e99f520c9c827bd414fac67ddfb6"},
    {file = "ruff-0.1.6-py3-none-manylinux_2_17_s390x.manylinux2014_s390x.whl", hash = "sha256:bd98138a98d48a1c36c394fd6b84cd943ac92a08278aa8ac8c0fdefcf7138f35"},
    {file = "ruff-0.1.6-py3-none-manylinux_2_17_x86_64.manylinux2014_x86_64.whl", hash = "sha256:3a0cd909d25f227ac5c36d4e7e681577275fb74ba3b11d288aff7ec47e3ae745"},
    {file = "ruff-0.1.6-py3-none-musllinux_1_2_aarch64.whl", hash = "sha256:e8fd1c62a47aa88a02707b5dd20c5ff20d035d634aa74826b42a1da77861b5ff"},
    {file = "ruff-0.1.6-py3-none-musllinux_1_2_armv7l.whl", hash = "sha256:fd89b45d374935829134a082617954120d7a1470a9f0ec0e7f3ead983edc48cc"},
    {file = "ruff-0.1.6-py3-none-musllinux_1_2_i686.whl", hash = "sha256:491262006e92f825b145cd1e52948073c56560243b55fb3b4ecb142f6f0e9543"},
    {file = "ruff-0.1.6-py3-none-musllinux_1_2_x86_64.whl", hash = "sha256:ea284789861b8b5ca9d5443591a92a397ac183d4351882ab52f6296b4fdd5462"},
    {file = "ruff-0.1.6-py3-none-win32.whl", hash = "sha256:1610e14750826dfc207ccbcdd7331b6bd285607d4181df9c1c6ae26646d6848a"},
    {file = "ruff-0.1.6-py3-none-win_amd64.whl", hash = "sha256:4558b3e178145491e9bc3b2ee3c4b42f19d19384eaa5c59d10acf6e8f8b57e33"},
    {file = "ruff-0.1.6-py3-none-win_arm64.whl", hash = "sha256:03910e81df0d8db0e30050725a5802441c2022ea3ae4fe0609b76081731accbc"},
    {file = "ruff-0.1.6.tar.gz", hash = "sha256:1b09f29b16c6ead5ea6b097ef2764b42372aebe363722f1605ecbcd2b9207184"},
]

[[package]]
name = "typing-extensions"
version = "4.8.0"
description = "Backported and Experimental Type Hints for Python 3.8+"
optional = false
python-versions = ">=3.8"
files = [
    {file = "typing_extensions-4.8.0-py3-none-any.whl", hash = "sha256:8f92fc8806f9a6b641eaa5318da32b44d401efaac0f6678c9bc448ba3605faa0"},
    {file = "typing_extensions-4.8.0.tar.gz", hash = "sha256:df8e4339e9cb77357558cbdbceca33c303714cf861d1eef15e1070055ae8b7ef"},
]

[metadata]
lock-version = "2.0"
python-versions = ">=3.11,<4.0"
content-hash = "6f67ad3a84302edd6b15b8dc33308b7e9ebca07a68621be047c6148666f0c3e8"
